
Microsoft Visual Studio Solution File, Format Version 12.00
# Visual Studio Version 17
VisualStudioVersion = 17.1.32421.90
MinimumVisualStudioVersion = 10.0.40219.1
Project("{FAE04EC0-301F-11D3-BF4B-00C04F79EFBC}") = "ExempelList1", "ExempelList1.csproj", "{160D07F8-7FAD-4D82-9EE2-5C7A70F24873}"
EndProject
Global
	GlobalSection(SolutionConfigurationPlatforms) = preSolution
		Debug|Any CPU = Debug|Any CPU
		Release|Any CPU = Release|Any CPU
	EndGlobalSection
	GlobalSection(ProjectConfigurationPlatforms) = postSolution
		{160D07F8-7FAD-4D82-9EE2-5C7A70F24873}.Debug|Any CPU.ActiveCfg = Debug|Any CPU
		{160D07F8-7FAD-4D82-9EE2-5C7A70F24873}.Debug|Any CPU.Build.0 = Debug|Any CPU
		{160D07F8-7FAD-4D82-9EE2-5C7A70F24873}.Release|Any CPU.ActiveCfg = Release|Any CPU
		{160D07F8-7FAD-4D82-9EE2-5C7A70F24873}.Release|Any CPU.Build.0 = Release|Any CPU
	EndGlobalSection
	GlobalSection(SolutionProperties) = preSolution
		HideSolutionNode = FALSE
	EndGlobalSection
	GlobalSection(ExtensibilityGlobals) = postSolution
		SolutionGuid = {C2C56DCE-9A7C-4D6C-ACFE-B31F0C49252B}
	EndGlobalSection
EndGlobal
